
Microsoft Visual Studio Solution File, Format Version 12.00
# Visual Studio Version 17
VisualStudioVersion = 17.10.35122.118
MinimumVisualStudioVersion = 10.0.40219.1
Project("{2150E333-8FDC-42A3-9474-1A3956D46DE8}") = "Services", "Services", "{8E940C7B-0198-4D4A-A9D2-455F614BF345}"
EndProject
Project("{9A19103F-16F7-4668-BE54-9A1E7A4F7556}") = "CategoryAPI", "Services\CategoryAPI\CategoryAPI.csproj", "{7027F9EF-2FF9-49D2-B433-41E8A9888E00}"
EndProject
Global
	GlobalSection(SolutionConfigurationPlatforms) = preSolution
		Debug|Any CPU = Debug|Any CPU
		Release|Any CPU = Release|Any CPU
	EndGlobalSection
	GlobalSection(ProjectConfigurationPlatforms) = postSolution
		{7027F9EF-2FF9-49D2-B433-41E8A9888E00}.Debug|Any CPU.ActiveCfg = Debug|Any CPU
		{7027F9EF-2FF9-49D2-B433-41E8A9888E00}.Debug|Any CPU.Build.0 = Debug|Any CPU
		{7027F9EF-2FF9-49D2-B433-41E8A9888E00}.Release|Any CPU.ActiveCfg = Release|Any CPU
		{7027F9EF-2FF9-49D2-B433-41E8A9888E00}.Release|Any CPU.Build.0 = Release|Any CPU
	EndGlobalSection
	GlobalSection(SolutionProperties) = preSolution
		HideSolutionNode = FALSE
	EndGlobalSection
	GlobalSection(NestedProjects) = preSolution
		{7027F9EF-2FF9-49D2-B433-41E8A9888E00} = {8E940C7B-0198-4D4A-A9D2-455F614BF345}
	EndGlobalSection
	GlobalSection(ExtensibilityGlobals) = postSolution
		SolutionGuid = {3AF01D51-95B8-4784-85A5-A9CE543F5FBB}
	EndGlobalSection
EndGlobal
